
Microsoft Visual Studio Solution File, Format Version 12.00
# Visual Studio Version 17
VisualStudioVersion = 17.0.31903.59
MinimumVisualStudioVersion = 10.0.40219.1
Project("{9A19103F-16F7-4668-BE54-9A1E7A4F7556}") = "HelloTestProject", "HelloTestProject.csproj", "{15365639-553B-4C0C-9B60-D822D67D0B9C}"
EndProject
Project("{2150E333-8FDC-42A3-9474-1A3956D46DE8}") = ".SolutionItems", ".SolutionItems", "{58C89BD6-09E1-4528-84B1-FF28F02CA936}"
EndProject
Project("{2150E333-8FDC-42A3-9474-1A3956D46DE8}") = ".github", ".github", "{331DDB28-9C91-4944-A300-F37BC103879C}"
EndProject
Project("{2150E333-8FDC-42A3-9474-1A3956D46DE8}") = "workflows", "workflows", "{F70C6D36-D7E7-4E69-80E7-341E2FBCC29A}"
	ProjectSection(SolutionItems) = preProject
		.github\workflows\ci.yml = .github\workflows\ci.yml
	EndProjectSection
EndProject
Global
	GlobalSection(SolutionConfigurationPlatforms) = preSolution
		Debug|Any CPU = Debug|Any CPU
		Release|Any CPU = Release|Any CPU
	EndGlobalSection
	GlobalSection(ProjectConfigurationPlatforms) = postSolution
		{15365639-553B-4C0C-9B60-D822D67D0B9C}.Debug|Any CPU.ActiveCfg = Debug|Any CPU
		{15365639-553B-4C0C-9B60-D822D67D0B9C}.Debug|Any CPU.Build.0 = Debug|Any CPU
		{15365639-553B-4C0C-9B60-D822D67D0B9C}.Release|Any CPU.ActiveCfg = Release|Any CPU
		{15365639-553B-4C0C-9B60-D822D67D0B9C}.Release|Any CPU.Build.0 = Release|Any CPU
	EndGlobalSection
	GlobalSection(SolutionProperties) = preSolution
		HideSolutionNode = FALSE
	EndGlobalSection
	GlobalSection(NestedProjects) = preSolution
		{331DDB28-9C91-4944-A300-F37BC103879C} = {58C89BD6-09E1-4528-84B1-FF28F02CA936}
		{F70C6D36-D7E7-4E69-80E7-341E2FBCC29A} = {331DDB28-9C91-4944-A300-F37BC103879C}
	EndGlobalSection
	GlobalSection(ExtensibilityGlobals) = postSolution
		SolutionGuid = {C44E8E5C-A305-4779-928E-647625BDAE7C}
	EndGlobalSection
EndGlobal
